// !$*UTF8*$!
{
	archiveVersion = 1;
	classes = {
	};
	objectVersion = 46;
	objects = {

/* Begin PBXBuildFile section */
		9FBED09D1DDD72B800C6C00B /* AppDelegate.swift in Sources */ = {isa = PBXBuildFile; fileRef = 9FBED09C1DDD72B800C6C00B /* AppDelegate.swift */; };
		9FBED09F1DDD72B800C6C00B /* ViewController.swift in Sources */ = {isa = PBXBuildFile; fileRef = 9FBED09E1DDD72B800C6C00B /* ViewController.swift */; };
		9FBED0A21DDD72B800C6C00B /* Main.storyboard in Resources */ = {isa = PBXBuildFile; fileRef = 9FBED0A01DDD72B800C6C00B /* Main.storyboard */; };
		9FBED0A41DDD72B800C6C00B /* Assets.xcassets in Resources */ = {isa = PBXBuildFile; fileRef = 9FBED0A31DDD72B800C6C00B /* Assets.xcassets */; };
		9FBED0A71DDD72B800C6C00B /* LaunchScreen.storyboard in Resources */ = {isa = PBXBuildFile; fileRef = 9FBED0A51DDD72B800C6C00B /* LaunchScreen.storyboard */; };
		9FBED0B21DDD72B800C6C00B /* PageThatScrollTests.swift in Sources */ = {isa = PBXBuildFile; fileRef = 9FBED0B11DDD72B800C6C00B /* PageThatScrollTests.swift */; };
		9FBED0BD1DDD72B800C6C00B /* PageThatScrollUITests.swift in Sources */ = {isa = PBXBuildFile; fileRef = 9FBED0BC1DDD72B800C6C00B /* PageThatScrollUITests.swift */; };
/* End PBXBuildFile section */

/* Begin PBXContainerItemProxy section */
		9FBED0AE1DDD72B800C6C00B /* PBXContainerItemProxy */ = {
			isa = PBXContainerItemProxy;
			containerPortal = 9FBED0911DDD72B800C6C00B /* Project object */;
			proxyType = 1;
			remoteGlobalIDString = 9FBED0981DDD72B800C6C00B;
			remoteInfo = PageThatScroll;
		};
		9FBED0B91DDD72B800C6C00B /* PBXContainerItemProxy */ = {
			isa = PBXContainerItemProxy;
			containerPortal = 9FBED0911DDD72B800C6C00B /* Project object */;
			proxyType = 1;
			remoteGlobalIDString = 9FBED0981DDD72B800C6C00B;
			remoteInfo = PageThatScroll;
		};
/* End PBXContainerItemProxy section */

/* Begin PBXFileReference section */
		9FBED0991DDD72B800C6C00B /* PageThatScroll.app */ = {isa = PBXFileReference; explicitFileType = wrapper.application; includeInIndex = 0; path = PageThatScroll.app; sourceTree = BUILT_PRODUCTS_DIR; };
		9FBED09C1DDD72B800C6C00B /* AppDelegate.swift */ = {isa = PBXFileReference; lastKnownFileType = sourcecode.swift; path = AppDelegate.swift; sourceTree = "<group>"; };
		9FBED09E1DDD72B800C6C00B /* ViewController.swift */ = {isa = PBXFileReference; lastKnownFileType = sourcecode.swift; path = ViewController.swift; sourceTree = "<group>"; };
		9FBED0A11DDD72B800C6C00B /* Base */ = {isa = PBXFileReference; lastKnownFileType = file.storyboard; name = Base; path = Base.lproj/Main.storyboard; sourceTree = "<group>"; };
		9FBED0A31DDD72B800C6C00B /* Assets.xcassets */ = {isa = PBXFileReference; lastKnownFileType = folder.assetcatalog; path = Assets.xcassets; sourceTree = "<group>"; };
		9FBED0A61DDD72B800C6C00B /* Base */ = {isa = PBXFileReference; lastKnownFileType = file.storyboard; name = Base; path = Base.lproj/LaunchScreen.storyboard; sourceTree = "<group>"; };
		9FBED0A81DDD72B800C6C00B /* Info.plist */ = {isa = PBXFileReference; lastKnownFileType = text.plist.xml; path = Info.plist; sourceTree = "<group>"; };
		9FBED0AD1DDD72B800C6C00B /* PageThatScrollTests.xctest */ = {isa = PBXFileReference; explicitFileType = wrapper.cfbundle; includeInIndex = 0; path = PageThatScrollTests.xctest; sourceTree = BUILT_PRODUCTS_DIR; };
		9FBED0B11DDD72B800C6C00B /* PageThatScrollTests.swift */ = {isa = PBXFileReference; lastKnownFileType = sourcecode.swift; path = PageThatScrollTests.swift; sourceTree = "<group>"; };
		9FBED0B31DDD72B800C6C00B /* Info.plist */ = {isa = PBXFileReference; lastKnownFileType = text.plist.xml; path = Info.plist; sourceTree = "<group>"; };
		9FBED0B81DDD72B800C6C00B /* PageThatScrollUITests.xctest */ = {isa = PBXFileReference; explicitFileType = wrapper.cfbundle; includeInIndex = 0; path = PageThatScrollUITests.xctest; sourceTree = BUILT_PRODUCTS_DIR; };
		9FBED0BC1DDD72B800C6C00B /* PageThatScrollUITests.swift */ = {isa = PBXFileReference; lastKnownFileType = sourcecode.swift; path = PageThatScrollUITests.swift; sourceTree = "<group>"; };
		9FBED0BE1DDD72B800C6C00B /* Info.plist */ = {isa = PBXFileReference; lastKnownFileType = text.plist.xml; path = Info.plist; sourceTree = "<group>"; };
/* End PBXFileReference section */

/* Begin PBXFrameworksBuildPhase section */
		9FBED0961DDD72B800C6C00B /* Frameworks */ = {
			isa = PBXFrameworksBuildPhase;
			buildActionMask = 2147483647;
			files = (
			);
			runOnlyForDeploymentPostprocessing = 0;
		};
		9FBED0AA1DDD72B800C6C00B /* Frameworks */ = {
			isa = PBXFrameworksBuildPhase;
			buildActionMask = 2147483647;
			files = (
			);
			runOnlyForDeploymentPostprocessing = 0;
		};
		9FBED0B51DDD72B800C6C00B /* Frameworks */ = {
			isa = PBXFrameworksBuildPhase;
			buildActionMask = 2147483647;
			files = (
			);
			runOnlyForDeploymentPostprocessing = 0;
		};
/* End PBXFrameworksBuildPhase section */

/* Begin PBXGroup section */
		9FBED0901DDD72B800C6C00B = {
			isa = PBXGroup;
			children = (
				9FBED09B1DDD72B800C6C00B /* PageThatScroll */,
				9FBED0B01DDD72B800C6C00B /* PageThatScrollTests */,
				9FBED0BB1DDD72B800C6C00B /* PageThatScrollUITests */,
				9FBED09A1DDD72B800C6C00B /* Products */,
			);
			sourceTree = "<group>";
		};
		9FBED09A1DDD72B800C6C00B /* Products */ = {
			isa = PBXGroup;
			children = (
				9FBED0991DDD72B800C6C00B /* PageThatScroll.app */,
				9FBED0AD1DDD72B800C6C00B /* PageThatScrollTests.xctest */,
				9FBED0B81DDD72B800C6C00B /* PageThatScrollUITests.xctest */,
			);
			name = Products;
			sourceTree = "<group>";
		};
		9FBED09B1DDD72B800C6C00B /* PageThatScroll */ = {
			isa = PBXGroup;
			children = (
				9FBED09C1DDD72B800C6C00B /* AppDelegate.swift */,
				9FBED09E1DDD72B800C6C00B /* ViewController.swift */,
				9FBED0A01DDD72B800C6C00B /* Main.storyboard */,
				9FBED0A31DDD72B800C6C00B /* Assets.xcassets */,
				9FBED0A51DDD72B800C6C00B /* LaunchScreen.storyboard */,
				9FBED0A81DDD72B800C6C00B /* Info.plist */,
			);
			path = PageThatScroll;
			sourceTree = "<group>";
		};
		9FBED0B01DDD72B800C6C00B /* PageThatScrollTests */ = {
			isa = PBXGroup;
			children = (
				9FBED0B11DDD72B800C6C00B /* PageThatScrollTests.swift */,
				9FBED0B31DDD72B800C6C00B /* Info.plist */,
			);
			path = PageThatScrollTests;
			sourceTree = "<group>";
		};
		9FBED0BB1DDD72B800C6C00B /* PageThatScrollUITests */ = {
			isa = PBXGroup;
			children = (
				9FBED0BC1DDD72B800C6C00B /* PageThatScrollUITests.swift */,
				9FBED0BE1DDD72B800C6C00B /* Info.plist */,
			);
			path = PageThatScrollUITests;
			sourceTree = "<group>";
		};
/* End PBXGroup section */

/* Begin PBXNativeTarget section */
		9FBED0981DDD72B800C6C00B /* PageThatScroll */ = {
			isa = PBXNativeTarget;
			buildConfigurationList = 9FBED0C11DDD72B800C6C00B /* Build configuration list for PBXNativeTarget "PageThatScroll" */;
			buildPhases = (
				9FBED0951DDD72B800C6C00B /* Sources */,
				9FBED0961DDD72B800C6C00B /* Frameworks */,
				9FBED0971DDD72B800C6C00B /* Resources */,
			);
			buildRules = (
			);
			dependencies = (
			);
			name = PageThatScroll;
			productName = PageThatScroll;
			productReference = 9FBED0991DDD72B800C6C00B /* PageThatScroll.app */;
			productType = "com.apple.product-type.application";
		};
		9FBED0AC1DDD72B800C6C00B /* PageThatScrollTests */ = {
			isa = PBXNativeTarget;
			buildConfigurationList = 9FBED0C41DDD72B800C6C00B /* Build configuration list for PBXNativeTarget "PageThatScrollTests" */;
			buildPhases = (
				9FBED0A91DDD72B800C6C00B /* Sources */,
				9FBED0AA1DDD72B800C6C00B /* Frameworks */,
				9FBED0AB1DDD72B800C6C00B /* Resources */,
			);
			buildRules = (
			);
			dependencies = (
				9FBED0AF1DDD72B800C6C00B /* PBXTargetDependency */,
			);
			name = PageThatScrollTests;
			productName = PageThatScrollTests;
			productReference = 9FBED0AD1DDD72B800C6C00B /* PageThatScrollTests.xctest */;
			productType = "com.apple.product-type.bundle.unit-test";
		};
		9FBED0B71DDD72B800C6C00B /* PageThatScrollUITests */ = {
			isa = PBXNativeTarget;
			buildConfigurationList = 9FBED0C71DDD72B800C6C00B /* Build configuration list for PBXNativeTarget "PageThatScrollUITests" */;
			buildPhases = (
				9FBED0B41DDD72B800C6C00B /* Sources */,
				9FBED0B51DDD72B800C6C00B /* Frameworks */,
				9FBED0B61DDD72B800C6C00B /* Resources */,
			);
			buildRules = (
			);
			dependencies = (
				9FBED0BA1DDD72B800C6C00B /* PBXTargetDependency */,
			);
			name = PageThatScrollUITests;
			productName = PageThatScrollUITests;
			productReference = 9FBED0B81DDD72B800C6C00B /* PageThatScrollUITests.xctest */;
			productType = "com.apple.product-type.bundle.ui-testing";
		};
/* End PBXNativeTarget section */

/* Begin PBXProject section */
		9FBED0911DDD72B800C6C00B /* Project object */ = {
			isa = PBXProject;
			attributes = {
				LastSwiftUpdateCheck = 0810;
				LastUpgradeCheck = 0810;
				ORGANIZATIONNAME = "Allen Soberano";
				TargetAttributes = {
					9FBED0981DDD72B800C6C00B = {
						CreatedOnToolsVersion = 8.1;
						DevelopmentTeam = AX8WD9NB3M;
						ProvisioningStyle = Automatic;
					};
					9FBED0AC1DDD72B800C6C00B = {
						CreatedOnToolsVersion = 8.1;
						DevelopmentTeam = AX8WD9NB3M;
						ProvisioningStyle = Automatic;
						TestTargetID = 9FBED0981DDD72B800C6C00B;
					};
					9FBED0B71DDD72B800C6C00B = {
						CreatedOnToolsVersion = 8.1;
						DevelopmentTeam = AX8WD9NB3M;
						ProvisioningStyle = Automatic;
						TestTargetID = 9FBED0981DDD72B800C6C00B;
					};
				};
			};
			buildConfigurationList = 9FBED0941DDD72B800C6C00B /* Build configuration list for PBXProject "PageThatScroll" */;
			compatibilityVersion = "Xcode 3.2";
			developmentRegion = English;
			hasScannedForEncodings = 0;
			knownRegions = (
				en,
				Base,
			);
			mainGroup = 9FBED0901DDD72B800C6C00B;
			productRefGroup = 9FBED09A1DDD72B800C6C00B /* Products */;
			projectDirPath = "";
			projectRoot = "";
			targets = (
				9FBED0981DDD72B800C6C00B /* PageThatScroll */,
				9FBED0AC1DDD72B800C6C00B /* PageThatScrollTests */,
				9FBED0B71DDD72B800C6C00B /* PageThatScrollUITests */,
			);
		};
/* End PBXProject section */

/* Begin PBXResourcesBuildPhase section */
		9FBED0971DDD72B800C6C00B /* Resources */ = {
			isa = PBXResourcesBuildPhase;
			buildActionMask = 2147483647;
			files = (
				9FBED0A71DDD72B800C6C00B /* LaunchScreen.storyboard in Resources */,
				9FBED0A41DDD72B800C6C00B /* Assets.xcassets in Resources */,
				9FBED0A21DDD72B800C6C00B /* Main.storyboard in Resources */,
			);
			runOnlyForDeploymentPostprocessing = 0;
		};
		9FBED0AB1DDD72B800C6C00B /* Resources */ = {
			isa = PBXResourcesBuildPhase;
			buildActionMask = 2147483647;
			files = (
			);
			runOnlyForDeploymentPostprocessing = 0;
		};
		9FBED0B61DDD72B800C6C00B /* Resources */ = {
			isa = PBXResourcesBuildPhase;
			buildActionMask = 2147483647;
			files = (
			);
			runOnlyForDeploymentPostprocessing = 0;
		};
/* End PBXResourcesBuildPhase section */

/* Begin PBXSourcesBuildPhase section */
		9FBED0951DDD72B800C6C00B /* Sources */ = {
			isa = PBXSourcesBuildPhase;
			buildActionMask = 2147483647;
			files = (
				9FBED09F1DDD72B800C6C00B /* ViewController.swift in Sources */,
				9FBED09D1DDD72B800C6C00B /* AppDelegate.swift in Sources */,
			);
			runOnlyForDeploymentPostprocessing = 0;
		};
		9FBED0A91DDD72B800C6C00B /* Sources */ = {
			isa = PBXSourcesBuildPhase;
			buildActionMask = 2147483647;
			files = (
				9FBED0B21DDD72B800C6C00B /* PageThatScrollTests.swift in Sources */,
			);
			runOnlyForDeploymentPostprocessing = 0;
		};
		9FBED0B41DDD72B800C6C00B /* Sources */ = {
			isa = PBXSourcesBuildPhase;
			buildActionMask = 2147483647;
			files = (
				9FBED0BD1DDD72B800C6C00B /* PageThatScrollUITests.swift in Sources */,
			);
			runOnlyForDeploymentPostprocessing = 0;
		};
/* End PBXSourcesBuildPhase section */

/* Begin PBXTargetDependency section */
		9FBED0AF1DDD72B800C6C00B /* PBXTargetDependency */ = {
			isa = PBXTargetDependency;
			target = 9FBED0981DDD72B800C6C00B /* PageThatScroll */;
			targetProxy = 9FBED0AE1DDD72B800C6C00B /* PBXContainerItemProxy */;
		};
		9FBED0BA1DDD72B800C6C00B /* PBXTargetDependency */ = {
			isa = PBXTargetDependency;
			target = 9FBED0981DDD72B800C6C00B /* PageThatScroll */;
			targetProxy = 9FBED0B91DDD72B800C6C00B /* PBXContainerItemProxy */;
		};
/* End PBXTargetDependency section */

/* Begin PBXVariantGroup section */
		9FBED0A01DDD72B800C6C00B /* Main.storyboard */ = {
			isa = PBXVariantGroup;
			children = (
				9FBED0A11DDD72B800C6C00B /* Base */,
			);
			name = Main.storyboard;
			sourceTree = "<group>";
		};
		9FBED0A51DDD72B800C6C00B /* LaunchScreen.storyboard */ = {
			isa = PBXVariantGroup;
			children = (
				9FBED0A61DDD72B800C6C00B /* Base */,
			);
			name = LaunchScreen.storyboard;
			sourceTree = "<group>";
		};
/* End PBXVariantGroup section */

/* Begin XCBuildConfiguration section */
		9FBED0BF1DDD72B800C6C00B /* Debug */ = {
			isa = XCBuildConfiguration;
			buildSettings = {
				ALWAYS_SEARCH_USER_PATHS = NO;
				CLANG_ANALYZER_NONNULL = YES;
				CLANG_CXX_LANGUAGE_STANDARD = "gnu++0x";
				CLANG_CXX_LIBRARY = "libc++";
				CLANG_ENABLE_MODULES = YES;
				CLANG_ENABLE_OBJC_ARC = YES;
				CLANG_WARN_BOOL_CONVERSION = YES;
				CLANG_WARN_CONSTANT_CONVERSION = YES;
				CLANG_WARN_DIRECT_OBJC_ISA_USAGE = YES_ERROR;
				CLANG_WARN_DOCUMENTATION_COMMENTS = YES;
				CLANG_WARN_EMPTY_BODY = YES;
				CLANG_WARN_ENUM_CONVERSION = YES;
				CLANG_WARN_INFINITE_RECURSION = YES;
				CLANG_WARN_INT_CONVERSION = YES;
				CLANG_WARN_OBJC_ROOT_CLASS = YES_ERROR;
				CLANG_WARN_SUSPICIOUS_MOVES = YES;
				CLANG_WARN_UNREACHABLE_CODE = YES;
				CLANG_WARN__DUPLICATE_METHOD_MATCH = YES;
				"CODE_SIGN_IDENTITY[sdk=iphoneos*]" = "iPhone Developer";
				COPY_PHASE_STRIP = NO;
				DEBUG_INFORMATION_FORMAT = dwarf;
				ENABLE_STRICT_OBJC_MSGSEND = YES;
				ENABLE_TESTABILITY = YES;
				GCC_C_LANGUAGE_STANDARD = gnu99;
				GCC_DYNAMIC_NO_PIC = NO;
				GCC_NO_COMMON_BLOCKS = YES;
				GCC_OPTIMIZATION_LEVEL = 0;
				GCC_PREPROCESSOR_DEFINITIONS = (
					"DEBUG=1",
					"$(inherited)",
				);
				GCC_WARN_64_TO_32_BIT_CONVERSION = YES;
				GCC_WARN_ABOUT_RETURN_TYPE = YES_ERROR;
				GCC_WARN_UNDECLARED_SELECTOR = YES;
				GCC_WARN_UNINITIALIZED_AUTOS = YES_AGGRESSIVE;
				GCC_WARN_UNUSED_FUNCTION = YES;
				GCC_WARN_UNUSED_VARIABLE = YES;
				IPHONEOS_DEPLOYMENT_TARGET = 10.1;
				MTL_ENABLE_DEBUG_INFO = YES;
				ONLY_ACTIVE_ARCH = YES;
				SDKROOT = iphoneos;
				SWIFT_ACTIVE_COMPILATION_CONDITIONS = DEBUG;
				SWIFT_OPTIMIZATION_LEVEL = "-Onone";
				TARGETED_DEVICE_FAMILY = "1,2";
			};
			name = Debug;
		};
		9FBED0C01DDD72B800C6C00B /* Release */ = {
			isa = XCBuildConfiguration;
			buildSettings = {
				ALWAYS_SEARCH_USER_PATHS = NO;
				CLANG_ANALYZER_NONNULL = YES;
				CLANG_CXX_LANGUAGE_STANDARD = "gnu++0x";
				CLANG_CXX_LIBRARY = "libc++";
				CLANG_ENABLE_MODULES = YES;
				CLANG_ENABLE_OBJC_ARC = YES;
				CLANG_WARN_BOOL_CONVERSION = YES;
				CLANG_WARN_CONSTANT_CONVERSION = YES;
				CLANG_WARN_DIRECT_OBJC_ISA_USAGE = YES_ERROR;
				CLANG_WARN_DOCUMENTATION_COMMENTS = YES;
				CLANG_WARN_EMPTY_BODY = YES;
				CLANG_WARN_ENUM_CONVERSION = YES;
				CLANG_WARN_INFINITE_RECURSION = YES;
				CLANG_WARN_INT_CONVERSION = YES;
				CLANG_WARN_OBJC_ROOT_CLASS = YES_ERROR;
				CLANG_WARN_SUSPICIOUS_MOVES = YES;
				CLANG_WARN_UNREACHABLE_CODE = YES;
				CLANG_WARN__DUPLICATE_METHOD_MATCH = YES;
				"CODE_SIGN_IDENTITY[sdk=iphoneos*]" = "iPhone Developer";
				COPY_PHASE_STRIP = NO;
				DEBUG_INFORMATION_FORMAT = "dwarf-with-dsym";
				ENABLE_NS_ASSERTIONS = NO;
				ENABLE_STRICT_OBJC_MSGSEND = YES;
				GCC_C_LANGUAGE_STANDARD = gnu99;
				GCC_NO_COMMON_BLOCKS = YES;
				GCC_WARN_64_TO_32_BIT_CONVERSION = YES;
				GCC_WARN_ABOUT_RETURN_TYPE = YES_ERROR;
				GCC_WARN_UNDECLARED_SELECTOR = YES;
				GCC_WARN_UNINITIALIZED_AUTOS = YES_AGGRESSIVE;
				GCC_WARN_UNUSED_FUNCTION = YES;
				GCC_WARN_UNUSED_VARIABLE = YES;
				IPHONEOS_DEPLOYMENT_TARGET = 10.1;
				MTL_ENABLE_DEBUG_INFO = NO;
				SDKROOT = iphoneos;
				SWIFT_OPTIMIZATION_LEVEL = "-Owholemodule";
				TARGETED_DEVICE_FAMILY = "1,2";
				VALIDATE_PRODUCT = YES;
			};
			name = Release;
		};
		9FBED0C21DDD72B800C6C00B /* Debug */ = {
			isa = XCBuildConfiguration;
			buildSettings = {
				ASSETCATALOG_COMPILER_APPICON_NAME = AppIcon;
				DEVELOPMENT_TEAM = AX8WD9NB3M;
				INFOPLIST_FILE = PageThatScroll/Info.plist;
				LD_RUNPATH_SEARCH_PATHS = "$(inherited) @executable_path/Frameworks";
				PRODUCT_BUNDLE_IDENTIFIER = com.learningtodeal.PageThatScroll;
				PRODUCT_NAME = "$(TARGET_NAME)";
				SWIFT_VERSION = 3.0;
			};
			name = Debug;
		};
		9FBED0C31DDD72B800C6C00B /* Release */ = {
			isa = XCBuildConfiguration;
			buildSettings = {
				ASSETCATALOG_COMPILER_APPICON_NAME = AppIcon;
				DEVELOPMENT_TEAM = AX8WD9NB3M;
				INFOPLIST_FILE = PageThatScroll/Info.plist;
				LD_RUNPATH_SEARCH_PATHS = "$(inherited) @executable_path/Frameworks";
				PRODUCT_BUNDLE_IDENTIFIER = com.learningtodeal.PageThatScroll;
				PRODUCT_NAME = "$(TARGET_NAME)";
				SWIFT_VERSION = 3.0;
			};
			name = Release;
		};
		9FBED0C51DDD72B800C6C00B /* Debug */ = {
			isa = XCBuildConfiguration;
			buildSettings = {
				ALWAYS_EMBED_SWIFT_STANDARD_LIBRARIES = YES;
				BUNDLE_LOADER = "$(TEST_HOST)";
				DEVELOPMENT_TEAM = AX8WD9NB3M;
				INFOPLIST_FILE = PageThatScrollTests/Info.plist;
				LD_RUNPATH_SEARCH_PATHS = "$(inherited) @executable_path/Frameworks @loader_path/Frameworks";
				PRODUCT_BUNDLE_IDENTIFIER = com.learningtodeal.PageThatScrollTests;
				PRODUCT_NAME = "$(TARGET_NAME)";
				SWIFT_VERSION = 3.0;
				TEST_HOST = "$(BUILT_PRODUCTS_DIR)/PageThatScroll.app/PageThatScroll";
			};
			name = Debug;
		};
		9FBED0C61DDD72B800C6C00B /* Release */ = {
			isa = XCBuildConfiguration;
			buildSettings = {
				ALWAYS_EMBED_SWIFT_STANDARD_LIBRARIES = YES;
				BUNDLE_LOADER = "$(TEST_HOST)";
				DEVELOPMENT_TEAM = AX8WD9NB3M;
				INFOPLIST_FILE = PageThatScrollTests/Info.plist;
				LD_RUNPATH_SEARCH_PATHS = "$(inherited) @executable_path/Frameworks @loader_path/Frameworks";
				PRODUCT_BUNDLE_IDENTIFIER = com.learningtodeal.PageThatScrollTests;
				PRODUCT_NAME = "$(TARGET_NAME)";
				SWIFT_VERSION = 3.0;
				TEST_HOST = "$(BUILT_PRODUCTS_DIR)/PageThatScroll.app/PageThatScroll";
			};
			name = Release;
		};
		9FBED0C81DDD72B800C6C00B /* Debug */ = {
			isa = XCBuildConfiguration;
			buildSettings = {
				ALWAYS_EMBED_SWIFT_STANDARD_LIBRARIES = YES;
				DEVELOPMENT_TEAM = AX8WD9NB3M;
				INFOPLIST_FILE = PageThatScrollUITests/Info.plist;
				LD_RUNPATH_SEARCH_PATHS = "$(inherited) @executable_path/Frameworks @loader_path/Frameworks";
				PRODUCT_BUNDLE_IDENTIFIER = com.learningtodeal.PageThatScrollUITests;
				PRODUCT_NAME = "$(TARGET_NAME)";
				SWIFT_VERSION = 3.0;
				TEST_TARGET_NAME = PageThatScroll;
			};
			name = Debug;
		};
		9FBED0C91DDD72B800C6C00B /* Release */ = {
			isa = XCBuildConfiguration;
			buildSettings = {
				ALWAYS_EMBED_SWIFT_STANDARD_LIBRARIES = YES;
				DEVELOPMENT_TEAM = AX8WD9NB3M;
				INFOPLIST_FILE = PageThatScrollUITests/Info.plist;
				LD_RUNPATH_SEARCH_PATHS = "$(inherited) @executable_path/Frameworks @loader_path/Frameworks";
				PRODUCT_BUNDLE_IDENTIFIER = com.learningtodeal.PageThatScrollUITests;
				PRODUCT_NAME = "$(TARGET_NAME)";
				SWIFT_VERSION = 3.0;
				TEST_TARGET_NAME = PageThatScroll;
			};
			name = Release;
		};
/* End XCBuildConfiguration section */

/* Begin XCConfigurationList section */
		9FBED0941DDD72B800C6C00B /* Build configuration list for PBXProject "PageThatScroll" */ = {
			isa = XCConfigurationList;
			buildConfigurations = (
				9FBED0BF1DDD72B800C6C00B /* Debug */,
				9FBED0C01DDD72B800C6C00B /* Release */,
			);
			defaultConfigurationIsVisible = 0;
			defaultConfigurationName = Release;
		};
		9FBED0C11DDD72B800C6C00B /* Build configuration list for PBXNativeTarget "PageThatScroll" */ = {
			isa = XCConfigurationList;
			buildConfigurations = (
				9FBED0C21DDD72B800C6C00B /* Debug */,
				9FBED0C31DDD72B800C6C00B /* Release */,
			);
			defaultConfigurationIsVisible = 0;
		};
		9FBED0C41DDD72B800C6C00B /* Build configuration list for PBXNativeTarget "PageThatScrollTests" */ = {
			isa = XCConfigurationList;
			buildConfigurations = (
				9FBED0C51DDD72B800C6C00B /* Debug */,
				9FBED0C61DDD72B800C6C00B /* Release */,
			);
			defaultConfigurationIsVisible = 0;
		};
		9FBED0C71DDD72B800C6C00B /* Build configuration list for PBXNativeTarget "PageThatScrollUITests" */ = {
			isa = XCConfigurationList;
			buildConfigurations = (
				9FBED0C81DDD72B800C6C00B /* Debug */,
				9FBED0C91DDD72B800C6C00B /* Release */,
			);
			defaultConfigurationIsVisible = 0;
		};
/* End XCConfigurationList section */
	};
	rootObject = 9FBED0911DDD72B800C6C00B /* Project object */;
}
